
Microsoft Visual Studio Solution File, Format Version 12.00
# Visual Studio 15
VisualStudioVersion = 15.0.27703.2035
MinimumVisualStudioVersion = 10.0.40219.1
Project("{2150E333-8FDC-42A3-9474-1A3956D46DE8}") = "1st round", "1st round", "{E63C55D4-7514-42D8-988C-FE6A1787772C}"
EndProject
Project("{FAE04EC0-301F-11D3-BF4B-00C04F79EFBC}") = "first-round", "first-round\first-round.csproj", "{AEDFDB60-7C8B-47FE-8B4A-A22E3597ACC9}"
EndProject
Project("{2150E333-8FDC-42A3-9474-1A3956D46DE8}") = "2nd round", "2nd round", "{7B894272-5F5B-4B8D-9FAB-630C2FCF0D3A}"
EndProject
Project("{FAE04EC0-301F-11D3-BF4B-00C04F79EFBC}") = "meaningful-names", "meaningful-names\meaningful-names.csproj", "{56FEE8EB-F464-4EA4-A491-938C30426236}"
EndProject
Project("{2150E333-8FDC-42A3-9474-1A3956D46DE8}") = "3rd round", "3rd round", "{979D95FF-B5C1-4136-9759-53CFAB3440D4}"
EndProject
Project("{FAE04EC0-301F-11D3-BF4B-00C04F79EFBC}") = "extract-method", "extract-method\extract-method.csproj", "{6450E019-06D9-4254-A908-11D1B59FE3EA}"
EndProject
Project("{2150E333-8FDC-42A3-9474-1A3956D46DE8}") = "4th round", "4th round", "{999581F9-0EA7-4A7D-BA53-5A2FF98C5018}"
EndProject
Project("{FAE04EC0-301F-11D3-BF4B-00C04F79EFBC}") = "object-orientation", "object-orientation\object-orientation.csproj", "{BAF92186-2741-49DE-8E22-957567A067DB}"
EndProject
Project("{FAE04EC0-301F-11D3-BF4B-00C04F79EFBC}") = "CleanCodePractices", "CleanCodePractices\CleanCodePractices.csproj", "{0D0718F7-66E5-413F-9152-F67F93B461BD}"
EndProject
Project("{FAE04EC0-301F-11D3-BF4B-00C04F79EFBC}") = "CleanCode.Libraries", "CleanCode.Libraries\CleanCode.Libraries.csproj", "{49233291-7A3D-463F-93EF-2BEDD73D6360}"
EndProject
Global
	GlobalSection(SolutionConfigurationPlatforms) = preSolution
		Debug|Any CPU = Debug|Any CPU
		Release|Any CPU = Release|Any CPU
	EndGlobalSection
	GlobalSection(ProjectConfigurationPlatforms) = postSolution
		{AEDFDB60-7C8B-47FE-8B4A-A22E3597ACC9}.Debug|Any CPU.ActiveCfg = Debug|Any CPU
		{AEDFDB60-7C8B-47FE-8B4A-A22E3597ACC9}.Debug|Any CPU.Build.0 = Debug|Any CPU
		{AEDFDB60-7C8B-47FE-8B4A-A22E3597ACC9}.Release|Any CPU.ActiveCfg = Release|Any CPU
		{AEDFDB60-7C8B-47FE-8B4A-A22E3597ACC9}.Release|Any CPU.Build.0 = Release|Any CPU
		{56FEE8EB-F464-4EA4-A491-938C30426236}.Debug|Any CPU.ActiveCfg = Debug|Any CPU
		{56FEE8EB-F464-4EA4-A491-938C30426236}.Debug|Any CPU.Build.0 = Debug|Any CPU
		{56FEE8EB-F464-4EA4-A491-938C30426236}.Release|Any CPU.ActiveCfg = Release|Any CPU
		{56FEE8EB-F464-4EA4-A491-938C30426236}.Release|Any CPU.Build.0 = Release|Any CPU
		{6450E019-06D9-4254-A908-11D1B59FE3EA}.Debug|Any CPU.ActiveCfg = Debug|Any CPU
		{6450E019-06D9-4254-A908-11D1B59FE3EA}.Debug|Any CPU.Build.0 = Debug|Any CPU
		{6450E019-06D9-4254-A908-11D1B59FE3EA}.Release|Any CPU.ActiveCfg = Release|Any CPU
		{6450E019-06D9-4254-A908-11D1B59FE3EA}.Release|Any CPU.Build.0 = Release|Any CPU
		{BAF92186-2741-49DE-8E22-957567A067DB}.Debug|Any CPU.ActiveCfg = Debug|Any CPU
		{BAF92186-2741-49DE-8E22-957567A067DB}.Debug|Any CPU.Build.0 = Debug|Any CPU
		{BAF92186-2741-49DE-8E22-957567A067DB}.Release|Any CPU.ActiveCfg = Release|Any CPU
		{BAF92186-2741-49DE-8E22-957567A067DB}.Release|Any CPU.Build.0 = Release|Any CPU
		{0D0718F7-66E5-413F-9152-F67F93B461BD}.Debug|Any CPU.ActiveCfg = Debug|Any CPU
		{0D0718F7-66E5-413F-9152-F67F93B461BD}.Debug|Any CPU.Build.0 = Debug|Any CPU
		{0D0718F7-66E5-413F-9152-F67F93B461BD}.Release|Any CPU.ActiveCfg = Release|Any CPU
		{0D0718F7-66E5-413F-9152-F67F93B461BD}.Release|Any CPU.Build.0 = Release|Any CPU
		{49233291-7A3D-463F-93EF-2BEDD73D6360}.Debug|Any CPU.ActiveCfg = Debug|Any CPU
		{49233291-7A3D-463F-93EF-2BEDD73D6360}.Debug|Any CPU.Build.0 = Debug|Any CPU
		{49233291-7A3D-463F-93EF-2BEDD73D6360}.Release|Any CPU.ActiveCfg = Release|Any CPU
		{49233291-7A3D-463F-93EF-2BEDD73D6360}.Release|Any CPU.Build.0 = Release|Any CPU
	EndGlobalSection
	GlobalSection(SolutionProperties) = preSolution
		HideSolutionNode = FALSE
	EndGlobalSection
	GlobalSection(NestedProjects) = preSolution
		{AEDFDB60-7C8B-47FE-8B4A-A22E3597ACC9} = {E63C55D4-7514-42D8-988C-FE6A1787772C}
		{56FEE8EB-F464-4EA4-A491-938C30426236} = {7B894272-5F5B-4B8D-9FAB-630C2FCF0D3A}
		{6450E019-06D9-4254-A908-11D1B59FE3EA} = {979D95FF-B5C1-4136-9759-53CFAB3440D4}
		{BAF92186-2741-49DE-8E22-957567A067DB} = {999581F9-0EA7-4A7D-BA53-5A2FF98C5018}
	EndGlobalSection
	GlobalSection(ExtensibilityGlobals) = postSolution
		SolutionGuid = {A29AB4A0-0672-4E87-BB9E-CB2472FC7D4D}
	EndGlobalSection
EndGlobal
